// !$*UTF8*$!
{
	archiveVersion = 1;
	classes = {
	};
	objectVersion = 50;
	objects = {

/* Begin PBXBuildFile section */
		521CD81D2445E0DE0030F6EA /* AppDelegate.swift in Sources */ = {isa = PBXBuildFile; fileRef = 521CD81C2445E0DE0030F6EA /* AppDelegate.swift */; };
		521CD81F2445E0DE0030F6EA /* SceneDelegate.swift in Sources */ = {isa = PBXBuildFile; fileRef = 521CD81E2445E0DE0030F6EA /* SceneDelegate.swift */; };
		521CD8212445E0DE0030F6EA /* ViewController.swift in Sources */ = {isa = PBXBuildFile; fileRef = 521CD8202445E0DE0030F6EA /* ViewController.swift */; };
		521CD8262445E0E00030F6EA /* Assets.xcassets in Resources */ = {isa = PBXBuildFile; fileRef = 521CD8252445E0E00030F6EA /* Assets.xcassets */; };
		521CD8292445E0E00030F6EA /* LaunchScreen.storyboard in Resources */ = {isa = PBXBuildFile; fileRef = 521CD8272445E0E00030F6EA /* LaunchScreen.storyboard */; };
		521CD8312445EACE0030F6EA /* BlueViewController.swift in Sources */ = {isa = PBXBuildFile; fileRef = 521CD8302445EACE0030F6EA /* BlueViewController.swift */; };
		521CD8332445ECEE0030F6EA /* ModalViewController.swift in Sources */ = {isa = PBXBuildFile; fileRef = 521CD8322445ECEE0030F6EA /* ModalViewController.swift */; };
/* End PBXBuildFile section */

/* Begin PBXFileReference section */
		521CD8192445E0DE0030F6EA /* Navigation-NoStoryBoard.app */ = {isa = PBXFileReference; explicitFileType = wrapper.application; includeInIndex = 0; path = "Navigation-NoStoryBoard.app"; sourceTree = BUILT_PRODUCTS_DIR; };
		521CD81C2445E0DE0030F6EA /* AppDelegate.swift */ = {isa = PBXFileReference; lastKnownFileType = sourcecode.swift; path = AppDelegate.swift; sourceTree = "<group>"; };
		521CD81E2445E0DE0030F6EA /* SceneDelegate.swift */ = {isa = PBXFileReference; lastKnownFileType = sourcecode.swift; path = SceneDelegate.swift; sourceTree = "<group>"; };
		521CD8202445E0DE0030F6EA /* ViewController.swift */ = {isa = PBXFileReference; lastKnownFileType = sourcecode.swift; path = ViewController.swift; sourceTree = "<group>"; };
		521CD8252445E0E00030F6EA /* Assets.xcassets */ = {isa = PBXFileReference; lastKnownFileType = folder.assetcatalog; path = Assets.xcassets; sourceTree = "<group>"; };
		521CD8282445E0E00030F6EA /* Base */ = {isa = PBXFileReference; lastKnownFileType = file.storyboard; name = Base; path = Base.lproj/LaunchScreen.storyboard; sourceTree = "<group>"; };
		521CD82A2445E0E00030F6EA /* Info.plist */ = {isa = PBXFileReference; lastKnownFileType = text.plist.xml; path = Info.plist; sourceTree = "<group>"; };
		521CD8302445EACE0030F6EA /* BlueViewController.swift */ = {isa = PBXFileReference; lastKnownFileType = sourcecode.swift; path = BlueViewController.swift; sourceTree = "<group>"; };
		521CD8322445ECEE0030F6EA /* ModalViewController.swift */ = {isa = PBXFileReference; lastKnownFileType = sourcecode.swift; path = ModalViewController.swift; sourceTree = "<group>"; };
/* End PBXFileReference section */

/* Begin PBXFrameworksBuildPhase section */
		521CD8162445E0DE0030F6EA /* Frameworks */ = {
			isa = PBXFrameworksBuildPhase;
			buildActionMask = 2147483647;
			files = (
			);
			runOnlyForDeploymentPostprocessing = 0;
		};
/* End PBXFrameworksBuildPhase section */

/* Begin PBXGroup section */
		521CD8102445E0DE0030F6EA = {
			isa = PBXGroup;
			children = (
				521CD81B2445E0DE0030F6EA /* Navigation-NoStoryBoard */,
				521CD81A2445E0DE0030F6EA /* Products */,
			);
			sourceTree = "<group>";
		};
		521CD81A2445E0DE0030F6EA /* Products */ = {
			isa = PBXGroup;
			children = (
				521CD8192445E0DE0030F6EA /* Navigation-NoStoryBoard.app */,
			);
			name = Products;
			sourceTree = "<group>";
		};
		521CD81B2445E0DE0030F6EA /* Navigation-NoStoryBoard */ = {
			isa = PBXGroup;
			children = (
				521CD81C2445E0DE0030F6EA /* AppDelegate.swift */,
				521CD81E2445E0DE0030F6EA /* SceneDelegate.swift */,
				521CD8302445EACE0030F6EA /* BlueViewController.swift */,
				521CD8322445ECEE0030F6EA /* ModalViewController.swift */,
				521CD8202445E0DE0030F6EA /* ViewController.swift */,
				521CD8252445E0E00030F6EA /* Assets.xcassets */,
				521CD8272445E0E00030F6EA /* LaunchScreen.storyboard */,
				521CD82A2445E0E00030F6EA /* Info.plist */,
			);
			path = "Navigation-NoStoryBoard";
			sourceTree = "<group>";
		};
/* End PBXGroup section */

/* Begin PBXNativeTarget section */
		521CD8182445E0DE0030F6EA /* Navigation-NoStoryBoard */ = {
			isa = PBXNativeTarget;
			buildConfigurationList = 521CD82D2445E0E00030F6EA /* Build configuration list for PBXNativeTarget "Navigation-NoStoryBoard" */;
			buildPhases = (
				521CD8152445E0DE0030F6EA /* Sources */,
				521CD8162445E0DE0030F6EA /* Frameworks */,
				521CD8172445E0DE0030F6EA /* Resources */,
			);
			buildRules = (
			);
			dependencies = (
			);
			name = "Navigation-NoStoryBoard";
			productName = "Navigation-NoStoryBoard";
			productReference = 521CD8192445E0DE0030F6EA /* Navigation-NoStoryBoard.app */;
			productType = "com.apple.product-type.application";
		};
/* End PBXNativeTarget section */

/* Begin PBXProject section */
		521CD8112445E0DE0030F6EA /* Project object */ = {
			isa = PBXProject;
			attributes = {
				LastSwiftUpdateCheck = 1140;
				LastUpgradeCheck = 1140;
				ORGANIZATIONNAME = MahmoudRamadan;
				TargetAttributes = {
					521CD8182445E0DE0030F6EA = {
						CreatedOnToolsVersion = 11.4;
					};
				};
			};
			buildConfigurationList = 521CD8142445E0DE0030F6EA /* Build configuration list for PBXProject "Navigation-NoStoryBoard" */;
			compatibilityVersion = "Xcode 9.3";
			developmentRegion = en;
			hasScannedForEncodings = 0;
			knownRegions = (
				en,
				Base,
			);
			mainGroup = 521CD8102445E0DE0030F6EA;
			productRefGroup = 521CD81A2445E0DE0030F6EA /* Products */;
			projectDirPath = "";
			projectRoot = "";
			targets = (
				521CD8182445E0DE0030F6EA /* Navigation-NoStoryBoard */,
			);
		};
/* End PBXProject section */

/* Begin PBXResourcesBuildPhase section */
		521CD8172445E0DE0030F6EA /* Resources */ = {
			isa = PBXResourcesBuildPhase;
			buildActionMask = 2147483647;
			files = (
				521CD8292445E0E00030F6EA /* LaunchScreen.storyboard in Resources */,
				521CD8262445E0E00030F6EA /* Assets.xcassets in Resources */,
			);
			runOnlyForDeploymentPostprocessing = 0;
		};
/* End PBXResourcesBuildPhase section */

/* Begin PBXSourcesBuildPhase section */
		521CD8152445E0DE0030F6EA /* Sources */ = {
			isa = PBXSourcesBuildPhase;
			buildActionMask = 2147483647;
			files = (
				521CD8212445E0DE0030F6EA /* ViewController.swift in Sources */,
				521CD8332445ECEE0030F6EA /* ModalViewController.swift in Sources */,
				521CD81D2445E0DE0030F6EA /* AppDelegate.swift in Sources */,
				521CD8312445EACE0030F6EA /* BlueViewController.swift in Sources */,
				521CD81F2445E0DE0030F6EA /* SceneDelegate.swift in Sources */,
			);
			runOnlyForDeploymentPostprocessing = 0;
		};
/* End PBXSourcesBuildPhase section */

/* Begin PBXVariantGroup section */
		521CD8272445E0E00030F6EA /* LaunchScreen.storyboard */ = {
			isa = PBXVariantGroup;
			children = (
				521CD8282445E0E00030F6EA /* Base */,
			);
			name = LaunchScreen.storyboard;
			sourceTree = "<group>";
		};
/* End PBXVariantGroup section */

/* Begin XCBuildConfiguration section */
		521CD82B2445E0E00030F6EA /* Debug */ = {
			isa = XCBuildConfiguration;
			buildSettings = {
				ALWAYS_SEARCH_USER_PATHS = NO;
				CLANG_ANALYZER_NONNULL = YES;
				CLANG_ANALYZER_NUMBER_OBJECT_CONVERSION = YES_AGGRESSIVE;
				CLANG_CXX_LANGUAGE_STANDARD = "gnu++14";
				CLANG_CXX_LIBRARY = "libc++";
				CLANG_ENABLE_MODULES = YES;
				CLANG_ENABLE_OBJC_ARC = YES;
				CLANG_ENABLE_OBJC_WEAK = YES;
				CLANG_WARN_BLOCK_CAPTURE_AUTORELEASING = YES;
				CLANG_WARN_BOOL_CONVERSION = YES;
				CLANG_WARN_COMMA = YES;
				CLANG_WARN_CONSTANT_CONVERSION = YES;
				CLANG_WARN_DEPRECATED_OBJC_IMPLEMENTATIONS = YES;
				CLANG_WARN_DIRECT_OBJC_ISA_USAGE = YES_ERROR;
				CLANG_WARN_DOCUMENTATION_COMMENTS = YES;
				CLANG_WARN_EMPTY_BODY = YES;
				CLANG_WARN_ENUM_CONVERSION = YES;
				CLANG_WARN_INFINITE_RECURSION = YES;
				CLANG_WARN_INT_CONVERSION = YES;
				CLANG_WARN_NON_LITERAL_NULL_CONVERSION = YES;
				CLANG_WARN_OBJC_IMPLICIT_RETAIN_SELF = YES;
				CLANG_WARN_OBJC_LITERAL_CONVERSION = YES;
				CLANG_WARN_OBJC_ROOT_CLASS = YES_ERROR;
				CLANG_WARN_RANGE_LOOP_ANALYSIS = YES;
				CLANG_WARN_STRICT_PROTOTYPES = YES;
				CLANG_WARN_SUSPICIOUS_MOVE = YES;
				CLANG_WARN_UNGUARDED_AVAILABILITY = YES_AGGRESSIVE;
				CLANG_WARN_UNREACHABLE_CODE = YES;
				CLANG_WARN__DUPLICATE_METHOD_MATCH = YES;
				COPY_PHASE_STRIP = NO;
				DEBUG_INFORMATION_FORMAT = dwarf;
				ENABLE_STRICT_OBJC_MSGSEND = YES;
				ENABLE_TESTABILITY = YES;
				GCC_C_LANGUAGE_STANDARD = gnu11;
				GCC_DYNAMIC_NO_PIC = NO;
				GCC_NO_COMMON_BLOCKS = YES;
				GCC_OPTIMIZATION_LEVEL = 0;
				GCC_PREPROCESSOR_DEFINITIONS = (
					"DEBUG=1",
					"$(inherited)",
				);
				GCC_WARN_64_TO_32_BIT_CONVERSION = YES;
				GCC_WARN_ABOUT_RETURN_TYPE = YES_ERROR;
				GCC_WARN_UNDECLARED_SELECTOR = YES;
				GCC_WARN_UNINITIALIZED_AUTOS = YES_AGGRESSIVE;
				GCC_WARN_UNUSED_FUNCTION = YES;
				GCC_WARN_UNUSED_VARIABLE = YES;
				IPHONEOS_DEPLOYMENT_TARGET = 13.4;
				MTL_ENABLE_DEBUG_INFO = INCLUDE_SOURCE;
				MTL_FAST_MATH = YES;
				ONLY_ACTIVE_ARCH = YES;
				SDKROOT = iphoneos;
				SWIFT_ACTIVE_COMPILATION_CONDITIONS = DEBUG;
				SWIFT_OPTIMIZATION_LEVEL = "-Onone";
			};
			name = Debug;
		};
		521CD82C2445E0E00030F6EA /* Release */ = {
			isa = XCBuildConfiguration;
			buildSettings = {
				ALWAYS_SEARCH_USER_PATHS = NO;
				CLANG_ANALYZER_NONNULL = YES;
				CLANG_ANALYZER_NUMBER_OBJECT_CONVERSION = YES_AGGRESSIVE;
				CLANG_CXX_LANGUAGE_STANDARD = "gnu++14";
				CLANG_CXX_LIBRARY = "libc++";
				CLANG_ENABLE_MODULES = YES;
				CLANG_ENABLE_OBJC_ARC = YES;
				CLANG_ENABLE_OBJC_WEAK = YES;
				CLANG_WARN_BLOCK_CAPTURE_AUTORELEASING = YES;
				CLANG_WARN_BOOL_CONVERSION = YES;
				CLANG_WARN_COMMA = YES;
				CLANG_WARN_CONSTANT_CONVERSION = YES;
				CLANG_WARN_DEPRECATED_OBJC_IMPLEMENTATIONS = YES;
				CLANG_WARN_DIRECT_OBJC_ISA_USAGE = YES_ERROR;
				CLANG_WARN_DOCUMENTATION_COMMENTS = YES;
				CLANG_WARN_EMPTY_BODY = YES;
				CLANG_WARN_ENUM_CONVERSION = YES;
				CLANG_WARN_INFINITE_RECURSION = YES;
				CLANG_WARN_INT_CONVERSION = YES;
				CLANG_WARN_NON_LITERAL_NULL_CONVERSION = YES;
				CLANG_WARN_OBJC_IMPLICIT_RETAIN_SELF = YES;
				CLANG_WARN_OBJC_LITERAL_CONVERSION = YES;
				CLANG_WARN_OBJC_ROOT_CLASS = YES_ERROR;
				CLANG_WARN_RANGE_LOOP_ANALYSIS = YES;
				CLANG_WARN_STRICT_PROTOTYPES = YES;
				CLANG_WARN_SUSPICIOUS_MOVE = YES;
				CLANG_WARN_UNGUARDED_AVAILABILITY = YES_AGGRESSIVE;
				CLANG_WARN_UNREACHABLE_CODE = YES;
				CLANG_WARN__DUPLICATE_METHOD_MATCH = YES;
				COPY_PHASE_STRIP = NO;
				DEBUG_INFORMATION_FORMAT = "dwarf-with-dsym";
				ENABLE_NS_ASSERTIONS = NO;
				ENABLE_STRICT_OBJC_MSGSEND = YES;
				GCC_C_LANGUAGE_STANDARD = gnu11;
				GCC_NO_COMMON_BLOCKS = YES;
				GCC_WARN_64_TO_32_BIT_CONVERSION = YES;
				GCC_WARN_ABOUT_RETURN_TYPE = YES_ERROR;
				GCC_WARN_UNDECLARED_SELECTOR = YES;
				GCC_WARN_UNINITIALIZED_AUTOS = YES_AGGRESSIVE;
				GCC_WARN_UNUSED_FUNCTION = YES;
				GCC_WARN_UNUSED_VARIABLE = YES;
				IPHONEOS_DEPLOYMENT_TARGET = 13.4;
				MTL_ENABLE_DEBUG_INFO = NO;
				MTL_FAST_MATH = YES;
				SDKROOT = iphoneos;
				SWIFT_COMPILATION_MODE = wholemodule;
				SWIFT_OPTIMIZATION_LEVEL = "-O";
				VALIDATE_PRODUCT = YES;
			};
			name = Release;
		};
		521CD82E2445E0E00030F6EA /* Debug */ = {
			isa = XCBuildConfiguration;
			buildSettings = {
				ASSETCATALOG_COMPILER_APPICON_NAME = AppIcon;
				CODE_SIGN_STYLE = Automatic;
				INFOPLIST_FILE = "Navigation-NoStoryBoard/Info.plist";
				LD_RUNPATH_SEARCH_PATHS = (
					"$(inherited)",
					"@executable_path/Frameworks",
				);
				PRODUCT_BUNDLE_IDENTIFIER = "com.ramadan.Navigation-NoStoryBoard";
				PRODUCT_NAME = "$(TARGET_NAME)";
				SWIFT_VERSION = 5.0;
				TARGETED_DEVICE_FAMILY = "1,2";
			};
			name = Debug;
		};
		521CD82F2445E0E00030F6EA /* Release */ = {
			isa = XCBuildConfiguration;
			buildSettings = {
				ASSETCATALOG_COMPILER_APPICON_NAME = AppIcon;
				CODE_SIGN_STYLE = Automatic;
				INFOPLIST_FILE = "Navigation-NoStoryBoard/Info.plist";
				LD_RUNPATH_SEARCH_PATHS = (
					"$(inherited)",
					"@executable_path/Frameworks",
				);
				PRODUCT_BUNDLE_IDENTIFIER = "com.ramadan.Navigation-NoStoryBoard";
				PRODUCT_NAME = "$(TARGET_NAME)";
				SWIFT_VERSION = 5.0;
				TARGETED_DEVICE_FAMILY = "1,2";
			};
			name = Release;
		};
/* End XCBuildConfiguration section */

/* Begin XCConfigurationList section */
		521CD8142445E0DE0030F6EA /* Build configuration list for PBXProject "Navigation-NoStoryBoard" */ = {
			isa = XCConfigurationList;
			buildConfigurations = (
				521CD82B2445E0E00030F6EA /* Debug */,
				521CD82C2445E0E00030F6EA /* Release */,
			);
			defaultConfigurationIsVisible = 0;
			defaultConfigurationName = Release;
		};
		521CD82D2445E0E00030F6EA /* Build configuration list for PBXNativeTarget "Navigation-NoStoryBoard" */ = {
			isa = XCConfigurationList;
			buildConfigurations = (
				521CD82E2445E0E00030F6EA /* Debug */,
				521CD82F2445E0E00030F6EA /* Release */,
			);
			defaultConfigurationIsVisible = 0;
			defaultConfigurationName = Release;
		};
/* End XCConfigurationList section */
	};
	rootObject = 521CD8112445E0DE0030F6EA /* Project object */;
}
